
Microsoft Visual Studio Solution File, Format Version 12.00
# Visual Studio 15
VisualStudioVersion = 15.0.27130.2010
MinimumVisualStudioVersion = 10.0.40219.1
Project("{8BC9CEB8-8B4A-11D0-8D11-00A0C91BC942}") = "Algorhitms_w4", "Algorhitms_w4\Algorhitms_w4.vcxproj", "{EE1B7D8E-1DDA-4A14-96D5-C63A9B7DF051}"
EndProject
Global
	GlobalSection(SolutionConfigurationPlatforms) = preSolution
		Debug|x64 = Debug|x64
		Debug|x86 = Debug|x86
		Release|x64 = Release|x64
		Release|x86 = Release|x86
	EndGlobalSection
	GlobalSection(ProjectConfigurationPlatforms) = postSolution
		{EE1B7D8E-1DDA-4A14-96D5-C63A9B7DF051}.Debug|x64.ActiveCfg = Debug|x64
		{EE1B7D8E-1DDA-4A14-96D5-C63A9B7DF051}.Debug|x64.Build.0 = Debug|x64
		{EE1B7D8E-1DDA-4A14-96D5-C63A9B7DF051}.Debug|x86.ActiveCfg = Debug|Win32
		{EE1B7D8E-1DDA-4A14-96D5-C63A9B7DF051}.Debug|x86.Build.0 = Debug|Win32
		{EE1B7D8E-1DDA-4A14-96D5-C63A9B7DF051}.Release|x64.ActiveCfg = Release|x64
		{EE1B7D8E-1DDA-4A14-96D5-C63A9B7DF051}.Release|x64.Build.0 = Release|x64
		{EE1B7D8E-1DDA-4A14-96D5-C63A9B7DF051}.Release|x86.ActiveCfg = Release|Win32
		{EE1B7D8E-1DDA-4A14-96D5-C63A9B7DF051}.Release|x86.Build.0 = Release|Win32
	EndGlobalSection
	GlobalSection(SolutionProperties) = preSolution
		HideSolutionNode = FALSE
	EndGlobalSection
	GlobalSection(ExtensibilityGlobals) = postSolution
		SolutionGuid = {9F68767A-419B-4CAC-A3FE-72335EC7B76E}
	EndGlobalSection
EndGlobal
